// !$*UTF8*$!
{
	archiveVersion = 1;
	classes = {
	};
	objectVersion = 55;
	objects = {

/* Begin PBXBuildFile section */
		609C3CC72875CD820021AEA3 /* AppDelegate.swift in Sources */ = {isa = PBXBuildFile; fileRef = 609C3CC62875CD820021AEA3 /* AppDelegate.swift */; };
		609C3CC92875CD820021AEA3 /* SceneDelegate.swift in Sources */ = {isa = PBXBuildFile; fileRef = 609C3CC82875CD820021AEA3 /* SceneDelegate.swift */; };
		609C3CCB2875CD820021AEA3 /* ViewController.swift in Sources */ = {isa = PBXBuildFile; fileRef = 609C3CCA2875CD820021AEA3 /* ViewController.swift */; };
		609C3CCE2875CD820021AEA3 /* Main.storyboard in Resources */ = {isa = PBXBuildFile; fileRef = 609C3CCC2875CD820021AEA3 /* Main.storyboard */; };
		609C3CD02875CD840021AEA3 /* Assets.xcassets in Resources */ = {isa = PBXBuildFile; fileRef = 609C3CCF2875CD840021AEA3 /* Assets.xcassets */; };
		609C3CD32875CD840021AEA3 /* LaunchScreen.storyboard in Resources */ = {isa = PBXBuildFile; fileRef = 609C3CD12875CD840021AEA3 /* LaunchScreen.storyboard */; };
		609C3CE82875CDEB0021AEA3 /* SignupFormModelValidatorTests.swift in Sources */ = {isa = PBXBuildFile; fileRef = 609C3CE72875CDEB0021AEA3 /* SignupFormModelValidatorTests.swift */; };
		609C3CEA2875CF3C0021AEA3 /* SignupFormModelValidator.swift in Sources */ = {isa = PBXBuildFile; fileRef = 609C3CE92875CF3C0021AEA3 /* SignupFormModelValidator.swift */; };
		60AD1AEA2875D334003E32D8 /* SignupConstants.swift in Sources */ = {isa = PBXBuildFile; fileRef = 60AD1AE92875D334003E32D8 /* SignupConstants.swift */; };
		60AD1AEC2876E758003E32D8 /* SignupWebServiceTests.swift in Sources */ = {isa = PBXBuildFile; fileRef = 60AD1AEB2876E758003E32D8 /* SignupWebServiceTests.swift */; };
		60AD1AEE28770337003E32D8 /* SignupWebService.swift in Sources */ = {isa = PBXBuildFile; fileRef = 60AD1AED28770337003E32D8 /* SignupWebService.swift */; };
		60AD1AF0287703D4003E32D8 /* SignupFormRequestModel.swift in Sources */ = {isa = PBXBuildFile; fileRef = 60AD1AEF287703D4003E32D8 /* SignupFormRequestModel.swift */; };
		60AD1AF228770560003E32D8 /* SignupResponseModel.swift in Sources */ = {isa = PBXBuildFile; fileRef = 60AD1AF12877055F003E32D8 /* SignupResponseModel.swift */; };
		60AD1AF4287705B7003E32D8 /* SignupErrors.swift in Sources */ = {isa = PBXBuildFile; fileRef = 60AD1AF3287705B7003E32D8 /* SignupErrors.swift */; };
/* End PBXBuildFile section */

/* Begin PBXContainerItemProxy section */
		609C3CE22875CDAD0021AEA3 /* PBXContainerItemProxy */ = {
			isa = PBXContainerItemProxy;
			containerPortal = 609C3CBB2875CD820021AEA3 /* Project object */;
			proxyType = 1;
			remoteGlobalIDString = 609C3CC22875CD820021AEA3;
			remoteInfo = PhotoApp;
		};
/* End PBXContainerItemProxy section */

/* Begin PBXFileReference section */
		609C3CC32875CD820021AEA3 /* PhotoApp.app */ = {isa = PBXFileReference; explicitFileType = wrapper.application; includeInIndex = 0; path = PhotoApp.app; sourceTree = BUILT_PRODUCTS_DIR; };
		609C3CC62875CD820021AEA3 /* AppDelegate.swift */ = {isa = PBXFileReference; lastKnownFileType = sourcecode.swift; path = AppDelegate.swift; sourceTree = "<group>"; };
		609C3CC82875CD820021AEA3 /* SceneDelegate.swift */ = {isa = PBXFileReference; lastKnownFileType = sourcecode.swift; path = SceneDelegate.swift; sourceTree = "<group>"; };
		609C3CCA2875CD820021AEA3 /* ViewController.swift */ = {isa = PBXFileReference; lastKnownFileType = sourcecode.swift; path = ViewController.swift; sourceTree = "<group>"; };
		609C3CCD2875CD820021AEA3 /* Base */ = {isa = PBXFileReference; lastKnownFileType = file.storyboard; name = Base; path = Base.lproj/Main.storyboard; sourceTree = "<group>"; };
		609C3CCF2875CD840021AEA3 /* Assets.xcassets */ = {isa = PBXFileReference; lastKnownFileType = folder.assetcatalog; path = Assets.xcassets; sourceTree = "<group>"; };
		609C3CD22875CD840021AEA3 /* Base */ = {isa = PBXFileReference; lastKnownFileType = file.storyboard; name = Base; path = Base.lproj/LaunchScreen.storyboard; sourceTree = "<group>"; };
		609C3CD42875CD840021AEA3 /* Info.plist */ = {isa = PBXFileReference; lastKnownFileType = text.plist.xml; path = Info.plist; sourceTree = "<group>"; };
		609C3CDE2875CDAD0021AEA3 /* PhotoAppTests.xctest */ = {isa = PBXFileReference; explicitFileType = wrapper.cfbundle; includeInIndex = 0; path = PhotoAppTests.xctest; sourceTree = BUILT_PRODUCTS_DIR; };
		609C3CE72875CDEB0021AEA3 /* SignupFormModelValidatorTests.swift */ = {isa = PBXFileReference; lastKnownFileType = sourcecode.swift; path = SignupFormModelValidatorTests.swift; sourceTree = "<group>"; };
		609C3CE92875CF3C0021AEA3 /* SignupFormModelValidator.swift */ = {isa = PBXFileReference; lastKnownFileType = sourcecode.swift; path = SignupFormModelValidator.swift; sourceTree = "<group>"; };
		60AD1AE92875D334003E32D8 /* SignupConstants.swift */ = {isa = PBXFileReference; lastKnownFileType = sourcecode.swift; path = SignupConstants.swift; sourceTree = "<group>"; };
		60AD1AEB2876E758003E32D8 /* SignupWebServiceTests.swift */ = {isa = PBXFileReference; lastKnownFileType = sourcecode.swift; path = SignupWebServiceTests.swift; sourceTree = "<group>"; };
		60AD1AED28770337003E32D8 /* SignupWebService.swift */ = {isa = PBXFileReference; lastKnownFileType = sourcecode.swift; path = SignupWebService.swift; sourceTree = "<group>"; };
		60AD1AEF287703D4003E32D8 /* SignupFormRequestModel.swift */ = {isa = PBXFileReference; lastKnownFileType = sourcecode.swift; path = SignupFormRequestModel.swift; sourceTree = "<group>"; };
		60AD1AF12877055F003E32D8 /* SignupResponseModel.swift */ = {isa = PBXFileReference; lastKnownFileType = sourcecode.swift; path = SignupResponseModel.swift; sourceTree = "<group>"; };
		60AD1AF3287705B7003E32D8 /* SignupErrors.swift */ = {isa = PBXFileReference; lastKnownFileType = sourcecode.swift; path = SignupErrors.swift; sourceTree = "<group>"; };
/* End PBXFileReference section */

/* Begin PBXFrameworksBuildPhase section */
		609C3CC02875CD820021AEA3 /* Frameworks */ = {
			isa = PBXFrameworksBuildPhase;
			buildActionMask = 2147483647;
			files = (
			);
			runOnlyForDeploymentPostprocessing = 0;
		};
		609C3CDB2875CDAD0021AEA3 /* Frameworks */ = {
			isa = PBXFrameworksBuildPhase;
			buildActionMask = 2147483647;
			files = (
			);
			runOnlyForDeploymentPostprocessing = 0;
		};
/* End PBXFrameworksBuildPhase section */

/* Begin PBXGroup section */
		609C3CBA2875CD820021AEA3 = {
			isa = PBXGroup;
			children = (
				609C3CC52875CD820021AEA3 /* PhotoApp */,
				609C3CDF2875CDAD0021AEA3 /* PhotoAppTests */,
				609C3CC42875CD820021AEA3 /* Products */,
			);
			sourceTree = "<group>";
		};
		609C3CC42875CD820021AEA3 /* Products */ = {
			isa = PBXGroup;
			children = (
				609C3CC32875CD820021AEA3 /* PhotoApp.app */,
				609C3CDE2875CDAD0021AEA3 /* PhotoAppTests.xctest */,
			);
			name = Products;
			sourceTree = "<group>";
		};
		609C3CC52875CD820021AEA3 /* PhotoApp */ = {
			isa = PBXGroup;
			children = (
				60AD1AF528770638003E32D8 /* Signup */,
				609C3CC62875CD820021AEA3 /* AppDelegate.swift */,
				609C3CC82875CD820021AEA3 /* SceneDelegate.swift */,
				609C3CCC2875CD820021AEA3 /* Main.storyboard */,
				609C3CCF2875CD840021AEA3 /* Assets.xcassets */,
				609C3CD12875CD840021AEA3 /* LaunchScreen.storyboard */,
				609C3CD42875CD840021AEA3 /* Info.plist */,
			);
			path = PhotoApp;
			sourceTree = "<group>";
		};
		609C3CDF2875CDAD0021AEA3 /* PhotoAppTests */ = {
			isa = PBXGroup;
			children = (
				60AD1AF9287706CB003E32D8 /* Signup */,
			);
			path = PhotoAppTests;
			sourceTree = "<group>";
		};
		60AD1AF528770638003E32D8 /* Signup */ = {
			isa = PBXGroup;
			children = (
				60AD1AF8287706B5003E32D8 /* Network */,
				60AD1AF728770683003E32D8 /* Controllers */,
				60AD1AF628770641003E32D8 /* Models */,
			);
			path = Signup;
			sourceTree = "<group>";
		};
		60AD1AF628770641003E32D8 /* Models */ = {
			isa = PBXGroup;
			children = (
				60AD1AE92875D334003E32D8 /* SignupConstants.swift */,
				609C3CE92875CF3C0021AEA3 /* SignupFormModelValidator.swift */,
				60AD1AEF287703D4003E32D8 /* SignupFormRequestModel.swift */,
				60AD1AF12877055F003E32D8 /* SignupResponseModel.swift */,
				60AD1AF3287705B7003E32D8 /* SignupErrors.swift */,
			);
			path = Models;
			sourceTree = "<group>";
		};
		60AD1AF728770683003E32D8 /* Controllers */ = {
			isa = PBXGroup;
			children = (
				609C3CCA2875CD820021AEA3 /* ViewController.swift */,
			);
			path = Controllers;
			sourceTree = "<group>";
		};
		60AD1AF8287706B5003E32D8 /* Network */ = {
			isa = PBXGroup;
			children = (
				60AD1AED28770337003E32D8 /* SignupWebService.swift */,
			);
			path = Network;
			sourceTree = "<group>";
		};
		60AD1AF9287706CB003E32D8 /* Signup */ = {
			isa = PBXGroup;
			children = (
				60AD1AFB287706DE003E32D8 /* Network */,
				60AD1AFA287706D8003E32D8 /* Models */,
			);
			path = Signup;
			sourceTree = "<group>";
		};
		60AD1AFA287706D8003E32D8 /* Models */ = {
			isa = PBXGroup;
			children = (
				609C3CE72875CDEB0021AEA3 /* SignupFormModelValidatorTests.swift */,
			);
			path = Models;
			sourceTree = "<group>";
		};
		60AD1AFB287706DE003E32D8 /* Network */ = {
			isa = PBXGroup;
			children = (
				60AD1AEB2876E758003E32D8 /* SignupWebServiceTests.swift */,
			);
			path = Network;
			sourceTree = "<group>";
		};
/* End PBXGroup section */

/* Begin PBXNativeTarget section */
		609C3CC22875CD820021AEA3 /* PhotoApp */ = {
			isa = PBXNativeTarget;
			buildConfigurationList = 609C3CD72875CD840021AEA3 /* Build configuration list for PBXNativeTarget "PhotoApp" */;
			buildPhases = (
				609C3CBF2875CD820021AEA3 /* Sources */,
				609C3CC02875CD820021AEA3 /* Frameworks */,
				609C3CC12875CD820021AEA3 /* Resources */,
			);
			buildRules = (
			);
			dependencies = (
			);
			name = PhotoApp;
			productName = PhotoApp;
			productReference = 609C3CC32875CD820021AEA3 /* PhotoApp.app */;
			productType = "com.apple.product-type.application";
		};
		609C3CDD2875CDAD0021AEA3 /* PhotoAppTests */ = {
			isa = PBXNativeTarget;
			buildConfigurationList = 609C3CE42875CDAD0021AEA3 /* Build configuration list for PBXNativeTarget "PhotoAppTests" */;
			buildPhases = (
				609C3CDA2875CDAD0021AEA3 /* Sources */,
				609C3CDB2875CDAD0021AEA3 /* Frameworks */,
				609C3CDC2875CDAD0021AEA3 /* Resources */,
			);
			buildRules = (
			);
			dependencies = (
				609C3CE32875CDAD0021AEA3 /* PBXTargetDependency */,
			);
			name = PhotoAppTests;
			productName = PhotoAppTests;
			productReference = 609C3CDE2875CDAD0021AEA3 /* PhotoAppTests.xctest */;
			productType = "com.apple.product-type.bundle.unit-test";
		};
/* End PBXNativeTarget section */

/* Begin PBXProject section */
		609C3CBB2875CD820021AEA3 /* Project object */ = {
			isa = PBXProject;
			attributes = {
				BuildIndependentTargetsInParallel = 1;
				LastSwiftUpdateCheck = 1330;
				LastUpgradeCheck = 1330;
				TargetAttributes = {
					609C3CC22875CD820021AEA3 = {
						CreatedOnToolsVersion = 13.3.1;
					};
					609C3CDD2875CDAD0021AEA3 = {
						CreatedOnToolsVersion = 13.3.1;
						TestTargetID = 609C3CC22875CD820021AEA3;
					};
				};
			};
			buildConfigurationList = 609C3CBE2875CD820021AEA3 /* Build configuration list for PBXProject "PhotoApp" */;
			compatibilityVersion = "Xcode 13.0";
			developmentRegion = en;
			hasScannedForEncodings = 0;
			knownRegions = (
				en,
				Base,
			);
			mainGroup = 609C3CBA2875CD820021AEA3;
			productRefGroup = 609C3CC42875CD820021AEA3 /* Products */;
			projectDirPath = "";
			projectRoot = "";
			targets = (
				609C3CC22875CD820021AEA3 /* PhotoApp */,
				609C3CDD2875CDAD0021AEA3 /* PhotoAppTests */,
			);
		};
/* End PBXProject section */

/* Begin PBXResourcesBuildPhase section */
		609C3CC12875CD820021AEA3 /* Resources */ = {
			isa = PBXResourcesBuildPhase;
			buildActionMask = 2147483647;
			files = (
				609C3CD32875CD840021AEA3 /* LaunchScreen.storyboard in Resources */,
				609C3CD02875CD840021AEA3 /* Assets.xcassets in Resources */,
				609C3CCE2875CD820021AEA3 /* Main.storyboard in Resources */,
			);
			runOnlyForDeploymentPostprocessing = 0;
		};
		609C3CDC2875CDAD0021AEA3 /* Resources */ = {
			isa = PBXResourcesBuildPhase;
			buildActionMask = 2147483647;
			files = (
			);
			runOnlyForDeploymentPostprocessing = 0;
		};
/* End PBXResourcesBuildPhase section */

/* Begin PBXSourcesBuildPhase section */
		609C3CBF2875CD820021AEA3 /* Sources */ = {
			isa = PBXSourcesBuildPhase;
			buildActionMask = 2147483647;
			files = (
				609C3CCB2875CD820021AEA3 /* ViewController.swift in Sources */,
				609C3CC72875CD820021AEA3 /* AppDelegate.swift in Sources */,
				60AD1AF228770560003E32D8 /* SignupResponseModel.swift in Sources */,
				609C3CEA2875CF3C0021AEA3 /* SignupFormModelValidator.swift in Sources */,
				60AD1AF4287705B7003E32D8 /* SignupErrors.swift in Sources */,
				60AD1AEA2875D334003E32D8 /* SignupConstants.swift in Sources */,
				60AD1AF0287703D4003E32D8 /* SignupFormRequestModel.swift in Sources */,
				60AD1AEE28770337003E32D8 /* SignupWebService.swift in Sources */,
				609C3CC92875CD820021AEA3 /* SceneDelegate.swift in Sources */,
			);
			runOnlyForDeploymentPostprocessing = 0;
		};
		609C3CDA2875CDAD0021AEA3 /* Sources */ = {
			isa = PBXSourcesBuildPhase;
			buildActionMask = 2147483647;
			files = (
				60AD1AEC2876E758003E32D8 /* SignupWebServiceTests.swift in Sources */,
				609C3CE82875CDEB0021AEA3 /* SignupFormModelValidatorTests.swift in Sources */,
			);
			runOnlyForDeploymentPostprocessing = 0;
		};
/* End PBXSourcesBuildPhase section */

/* Begin PBXTargetDependency section */
		609C3CE32875CDAD0021AEA3 /* PBXTargetDependency */ = {
			isa = PBXTargetDependency;
			target = 609C3CC22875CD820021AEA3 /* PhotoApp */;
			targetProxy = 609C3CE22875CDAD0021AEA3 /* PBXContainerItemProxy */;
		};
/* End PBXTargetDependency section */

/* Begin PBXVariantGroup section */
		609C3CCC2875CD820021AEA3 /* Main.storyboard */ = {
			isa = PBXVariantGroup;
			children = (
				609C3CCD2875CD820021AEA3 /* Base */,
			);
			name = Main.storyboard;
			sourceTree = "<group>";
		};
		609C3CD12875CD840021AEA3 /* LaunchScreen.storyboard */ = {
			isa = PBXVariantGroup;
			children = (
				609C3CD22875CD840021AEA3 /* Base */,
			);
			name = LaunchScreen.storyboard;
			sourceTree = "<group>";
		};
/* End PBXVariantGroup section */

/* Begin XCBuildConfiguration section */
		609C3CD52875CD840021AEA3 /* Debug */ = {
			isa = XCBuildConfiguration;
			buildSettings = {
				ALWAYS_SEARCH_USER_PATHS = NO;
				CLANG_ANALYZER_NONNULL = YES;
				CLANG_ANALYZER_NUMBER_OBJECT_CONVERSION = YES_AGGRESSIVE;
				CLANG_CXX_LANGUAGE_STANDARD = "gnu++17";
				CLANG_ENABLE_MODULES = YES;
				CLANG_ENABLE_OBJC_ARC = YES;
				CLANG_ENABLE_OBJC_WEAK = YES;
				CLANG_WARN_BLOCK_CAPTURE_AUTORELEASING = YES;
				CLANG_WARN_BOOL_CONVERSION = YES;
				CLANG_WARN_COMMA = YES;
				CLANG_WARN_CONSTANT_CONVERSION = YES;
				CLANG_WARN_DEPRECATED_OBJC_IMPLEMENTATIONS = YES;
				CLANG_WARN_DIRECT_OBJC_ISA_USAGE = YES_ERROR;
				CLANG_WARN_DOCUMENTATION_COMMENTS = YES;
				CLANG_WARN_EMPTY_BODY = YES;
				CLANG_WARN_ENUM_CONVERSION = YES;
				CLANG_WARN_INFINITE_RECURSION = YES;
				CLANG_WARN_INT_CONVERSION = YES;
				CLANG_WARN_NON_LITERAL_NULL_CONVERSION = YES;
				CLANG_WARN_OBJC_IMPLICIT_RETAIN_SELF = YES;
				CLANG_WARN_OBJC_LITERAL_CONVERSION = YES;
				CLANG_WARN_OBJC_ROOT_CLASS = YES_ERROR;
				CLANG_WARN_QUOTED_INCLUDE_IN_FRAMEWORK_HEADER = YES;
				CLANG_WARN_RANGE_LOOP_ANALYSIS = YES;
				CLANG_WARN_STRICT_PROTOTYPES = YES;
				CLANG_WARN_SUSPICIOUS_MOVE = YES;
				CLANG_WARN_UNGUARDED_AVAILABILITY = YES_AGGRESSIVE;
				CLANG_WARN_UNREACHABLE_CODE = YES;
				CLANG_WARN__DUPLICATE_METHOD_MATCH = YES;
				COPY_PHASE_STRIP = NO;
				DEBUG_INFORMATION_FORMAT = dwarf;
				ENABLE_STRICT_OBJC_MSGSEND = YES;
				ENABLE_TESTABILITY = YES;
				GCC_C_LANGUAGE_STANDARD = gnu11;
				GCC_DYNAMIC_NO_PIC = NO;
				GCC_NO_COMMON_BLOCKS = YES;
				GCC_OPTIMIZATION_LEVEL = 0;
				GCC_PREPROCESSOR_DEFINITIONS = (
					"DEBUG=1",
					"$(inherited)",
				);
				GCC_WARN_64_TO_32_BIT_CONVERSION = YES;
				GCC_WARN_ABOUT_RETURN_TYPE = YES_ERROR;
				GCC_WARN_UNDECLARED_SELECTOR = YES;
				GCC_WARN_UNINITIALIZED_AUTOS = YES_AGGRESSIVE;
				GCC_WARN_UNUSED_FUNCTION = YES;
				GCC_WARN_UNUSED_VARIABLE = YES;
				IPHONEOS_DEPLOYMENT_TARGET = 15.4;
				MTL_ENABLE_DEBUG_INFO = INCLUDE_SOURCE;
				MTL_FAST_MATH = YES;
				ONLY_ACTIVE_ARCH = YES;
				SDKROOT = iphoneos;
				SWIFT_ACTIVE_COMPILATION_CONDITIONS = DEBUG;
				SWIFT_OPTIMIZATION_LEVEL = "-Onone";
			};
			name = Debug;
		};
		609C3CD62875CD840021AEA3 /* Release */ = {
			isa = XCBuildConfiguration;
			buildSettings = {
				ALWAYS_SEARCH_USER_PATHS = NO;
				CLANG_ANALYZER_NONNULL = YES;
				CLANG_ANALYZER_NUMBER_OBJECT_CONVERSION = YES_AGGRESSIVE;
				CLANG_CXX_LANGUAGE_STANDARD = "gnu++17";
				CLANG_ENABLE_MODULES = YES;
				CLANG_ENABLE_OBJC_ARC = YES;
				CLANG_ENABLE_OBJC_WEAK = YES;
				CLANG_WARN_BLOCK_CAPTURE_AUTORELEASING = YES;
				CLANG_WARN_BOOL_CONVERSION = YES;
				CLANG_WARN_COMMA = YES;
				CLANG_WARN_CONSTANT_CONVERSION = YES;
				CLANG_WARN_DEPRECATED_OBJC_IMPLEMENTATIONS = YES;
				CLANG_WARN_DIRECT_OBJC_ISA_USAGE = YES_ERROR;
				CLANG_WARN_DOCUMENTATION_COMMENTS = YES;
				CLANG_WARN_EMPTY_BODY = YES;
				CLANG_WARN_ENUM_CONVERSION = YES;
				CLANG_WARN_INFINITE_RECURSION = YES;
				CLANG_WARN_INT_CONVERSION = YES;
				CLANG_WARN_NON_LITERAL_NULL_CONVERSION = YES;
				CLANG_WARN_OBJC_IMPLICIT_RETAIN_SELF = YES;
				CLANG_WARN_OBJC_LITERAL_CONVERSION = YES;
				CLANG_WARN_OBJC_ROOT_CLASS = YES_ERROR;
				CLANG_WARN_QUOTED_INCLUDE_IN_FRAMEWORK_HEADER = YES;
				CLANG_WARN_RANGE_LOOP_ANALYSIS = YES;
				CLANG_WARN_STRICT_PROTOTYPES = YES;
				CLANG_WARN_SUSPICIOUS_MOVE = YES;
				CLANG_WARN_UNGUARDED_AVAILABILITY = YES_AGGRESSIVE;
				CLANG_WARN_UNREACHABLE_CODE = YES;
				CLANG_WARN__DUPLICATE_METHOD_MATCH = YES;
				COPY_PHASE_STRIP = NO;
				DEBUG_INFORMATION_FORMAT = "dwarf-with-dsym";
				ENABLE_NS_ASSERTIONS = NO;
				ENABLE_STRICT_OBJC_MSGSEND = YES;
				GCC_C_LANGUAGE_STANDARD = gnu11;
				GCC_NO_COMMON_BLOCKS = YES;
				GCC_WARN_64_TO_32_BIT_CONVERSION = YES;
				GCC_WARN_ABOUT_RETURN_TYPE = YES_ERROR;
				GCC_WARN_UNDECLARED_SELECTOR = YES;
				GCC_WARN_UNINITIALIZED_AUTOS = YES_AGGRESSIVE;
				GCC_WARN_UNUSED_FUNCTION = YES;
				GCC_WARN_UNUSED_VARIABLE = YES;
				IPHONEOS_DEPLOYMENT_TARGET = 15.4;
				MTL_ENABLE_DEBUG_INFO = NO;
				MTL_FAST_MATH = YES;
				SDKROOT = iphoneos;
				SWIFT_COMPILATION_MODE = wholemodule;
				SWIFT_OPTIMIZATION_LEVEL = "-O";
				VALIDATE_PRODUCT = YES;
			};
			name = Release;
		};
		609C3CD82875CD840021AEA3 /* Debug */ = {
			isa = XCBuildConfiguration;
			buildSettings = {
				ASSETCATALOG_COMPILER_APPICON_NAME = AppIcon;
				ASSETCATALOG_COMPILER_GLOBAL_ACCENT_COLOR_NAME = AccentColor;
				CODE_SIGN_STYLE = Automatic;
				CURRENT_PROJECT_VERSION = 1;
				DEVELOPMENT_TEAM = XX56C8Q5GR;
				GENERATE_INFOPLIST_FILE = YES;
				INFOPLIST_FILE = PhotoApp/Info.plist;
				INFOPLIST_KEY_UIApplicationSupportsIndirectInputEvents = YES;
				INFOPLIST_KEY_UILaunchStoryboardName = LaunchScreen;
				INFOPLIST_KEY_UIMainStoryboardFile = Main;
				INFOPLIST_KEY_UISupportedInterfaceOrientations_iPad = "UIInterfaceOrientationPortrait UIInterfaceOrientationPortraitUpsideDown UIInterfaceOrientationLandscapeLeft UIInterfaceOrientationLandscapeRight";
				INFOPLIST_KEY_UISupportedInterfaceOrientations_iPhone = "UIInterfaceOrientationPortrait UIInterfaceOrientationLandscapeLeft UIInterfaceOrientationLandscapeRight";
				LD_RUNPATH_SEARCH_PATHS = (
					"$(inherited)",
					"@executable_path/Frameworks",
				);
				MARKETING_VERSION = 1.0;
				PRODUCT_BUNDLE_IDENTIFIER = com.moetstein.PhotoApp;
				PRODUCT_NAME = "$(TARGET_NAME)";
				SWIFT_EMIT_LOC_STRINGS = YES;
				SWIFT_VERSION = 5.0;
				TARGETED_DEVICE_FAMILY = "1,2";
			};
			name = Debug;
		};
		609C3CD92875CD840021AEA3 /* Release */ = {
			isa = XCBuildConfiguration;
			buildSettings = {
				ASSETCATALOG_COMPILER_APPICON_NAME = AppIcon;
				ASSETCATALOG_COMPILER_GLOBAL_ACCENT_COLOR_NAME = AccentColor;
				CODE_SIGN_STYLE = Automatic;
				CURRENT_PROJECT_VERSION = 1;
				DEVELOPMENT_TEAM = XX56C8Q5GR;
				GENERATE_INFOPLIST_FILE = YES;
				INFOPLIST_FILE = PhotoApp/Info.plist;
				INFOPLIST_KEY_UIApplicationSupportsIndirectInputEvents = YES;
				INFOPLIST_KEY_UILaunchStoryboardName = LaunchScreen;
				INFOPLIST_KEY_UIMainStoryboardFile = Main;
				INFOPLIST_KEY_UISupportedInterfaceOrientations_iPad = "UIInterfaceOrientationPortrait UIInterfaceOrientationPortraitUpsideDown UIInterfaceOrientationLandscapeLeft UIInterfaceOrientationLandscapeRight";
				INFOPLIST_KEY_UISupportedInterfaceOrientations_iPhone = "UIInterfaceOrientationPortrait UIInterfaceOrientationLandscapeLeft UIInterfaceOrientationLandscapeRight";
				LD_RUNPATH_SEARCH_PATHS = (
					"$(inherited)",
					"@executable_path/Frameworks",
				);
				MARKETING_VERSION = 1.0;
				PRODUCT_BUNDLE_IDENTIFIER = com.moetstein.PhotoApp;
				PRODUCT_NAME = "$(TARGET_NAME)";
				SWIFT_EMIT_LOC_STRINGS = YES;
				SWIFT_VERSION = 5.0;
				TARGETED_DEVICE_FAMILY = "1,2";
			};
			name = Release;
		};
		609C3CE52875CDAD0021AEA3 /* Debug */ = {
			isa = XCBuildConfiguration;
			buildSettings = {
				BUNDLE_LOADER = "$(TEST_HOST)";
				CODE_SIGN_STYLE = Automatic;
				CURRENT_PROJECT_VERSION = 1;
				DEVELOPMENT_TEAM = XX56C8Q5GR;
				GENERATE_INFOPLIST_FILE = YES;
				MARKETING_VERSION = 1.0;
				PRODUCT_BUNDLE_IDENTIFIER = com.moetstein.PhotoAppTests;
				PRODUCT_NAME = "$(TARGET_NAME)";
				SWIFT_EMIT_LOC_STRINGS = NO;
				SWIFT_VERSION = 5.0;
				TARGETED_DEVICE_FAMILY = "1,2";
				TEST_HOST = "$(BUILT_PRODUCTS_DIR)/PhotoApp.app/PhotoApp";
			};
			name = Debug;
		};
		609C3CE62875CDAD0021AEA3 /* Release */ = {
			isa = XCBuildConfiguration;
			buildSettings = {
				BUNDLE_LOADER = "$(TEST_HOST)";
				CODE_SIGN_STYLE = Automatic;
				CURRENT_PROJECT_VERSION = 1;
				DEVELOPMENT_TEAM = XX56C8Q5GR;
				GENERATE_INFOPLIST_FILE = YES;
				MARKETING_VERSION = 1.0;
				PRODUCT_BUNDLE_IDENTIFIER = com.moetstein.PhotoAppTests;
				PRODUCT_NAME = "$(TARGET_NAME)";
				SWIFT_EMIT_LOC_STRINGS = NO;
				SWIFT_VERSION = 5.0;
				TARGETED_DEVICE_FAMILY = "1,2";
				TEST_HOST = "$(BUILT_PRODUCTS_DIR)/PhotoApp.app/PhotoApp";
			};
			name = Release;
		};
/* End XCBuildConfiguration section */

/* Begin XCConfigurationList section */
		609C3CBE2875CD820021AEA3 /* Build configuration list for PBXProject "PhotoApp" */ = {
			isa = XCConfigurationList;
			buildConfigurations = (
				609C3CD52875CD840021AEA3 /* Debug */,
				609C3CD62875CD840021AEA3 /* Release */,
			);
			defaultConfigurationIsVisible = 0;
			defaultConfigurationName = Release;
		};
		609C3CD72875CD840021AEA3 /* Build configuration list for PBXNativeTarget "PhotoApp" */ = {
			isa = XCConfigurationList;
			buildConfigurations = (
				609C3CD82875CD840021AEA3 /* Debug */,
				609C3CD92875CD840021AEA3 /* Release */,
			);
			defaultConfigurationIsVisible = 0;
			defaultConfigurationName = Release;
		};
		609C3CE42875CDAD0021AEA3 /* Build configuration list for PBXNativeTarget "PhotoAppTests" */ = {
			isa = XCConfigurationList;
			buildConfigurations = (
				609C3CE52875CDAD0021AEA3 /* Debug */,
				609C3CE62875CDAD0021AEA3 /* Release */,
			);
			defaultConfigurationIsVisible = 0;
			defaultConfigurationName = Release;
		};
/* End XCConfigurationList section */
	};
	rootObject = 609C3CBB2875CD820021AEA3 /* Project object */;
}
